
Microsoft Visual Studio Solution File, Format Version 12.00
# Visual Studio 2012
Project("{FAE04EC0-301F-11D3-BF4B-00C04F79EFBC}") = "BackBone.TodoList", "BackBone.TodoList\BackBone.TodoList.csproj", "{D57A190E-2EAD-45CF-A12A-8D2E0BFD7918}"
EndProject
Global
	GlobalSection(SolutionConfigurationPlatforms) = preSolution
		Debug|Any CPU = Debug|Any CPU
		Release|Any CPU = Release|Any CPU
	EndGlobalSection
	GlobalSection(ProjectConfigurationPlatforms) = postSolution
		{D57A190E-2EAD-45CF-A12A-8D2E0BFD7918}.Debug|Any CPU.ActiveCfg = Debug|Any CPU
		{D57A190E-2EAD-45CF-A12A-8D2E0BFD7918}.Debug|Any CPU.Build.0 = Debug|Any CPU
		{D57A190E-2EAD-45CF-A12A-8D2E0BFD7918}.Release|Any CPU.ActiveCfg = Release|Any CPU
		{D57A190E-2EAD-45CF-A12A-8D2E0BFD7918}.Release|Any CPU.Build.0 = Release|Any CPU
	EndGlobalSection
	GlobalSection(SolutionProperties) = preSolution
		HideSolutionNode = FALSE
	EndGlobalSection
EndGlobal
